
Microsoft Visual Studio Solution File, Format Version 12.00
# Visual Studio Version 17
VisualStudioVersion = 17.11.35312.102
MinimumVisualStudioVersion = 10.0.40219.1
Project("{FAE04EC0-301F-11D3-BF4B-00C04F79EFBC}") = "IronPdf_HtmlToPdf", "IronPdf_HtmlToPdf.csproj", "{450FD7BA-D1EF-408C-BDB6-5ECA3336EBFB}"
EndProject
Global
	GlobalSection(SolutionConfigurationPlatforms) = preSolution
		Debug|Any CPU = Debug|Any CPU
		Release|Any CPU = Release|Any CPU
	EndGlobalSection
	GlobalSection(ProjectConfigurationPlatforms) = postSolution
		{450FD7BA-D1EF-408C-BDB6-5ECA3336EBFB}.Debug|Any CPU.ActiveCfg = Debug|Any CPU
		{450FD7BA-D1EF-408C-BDB6-5ECA3336EBFB}.Debug|Any CPU.Build.0 = Debug|Any CPU
		{450FD7BA-D1EF-408C-BDB6-5ECA3336EBFB}.Release|Any CPU.ActiveCfg = Release|Any CPU
		{450FD7BA-D1EF-408C-BDB6-5ECA3336EBFB}.Release|Any CPU.Build.0 = Release|Any CPU
	EndGlobalSection
	GlobalSection(SolutionProperties) = preSolution
		HideSolutionNode = FALSE
	EndGlobalSection
	GlobalSection(ExtensibilityGlobals) = postSolution
		SolutionGuid = {BC41AF9F-7394-4CAC-9167-FE44F8831178}
	EndGlobalSection
EndGlobal
